{
  "name": "mkdocs-lighthouse-tools",
  "version": "1.0.0",
  "lockfileVersion": 2,
  "requires": true,
  "packages": {
    "": {
      "name": "mkdocs-lighthouse-tools",
      "version": "1.0.0",
      "private": true,
      "dependencies": {
        "puppeteer": "^22.0.0"
      },
      "devDependencies": {
        "@lhci/cli": "^0.13.0",
        "http-server": "^14.1.1"
      }
    }
  },
  "dependencies": {
    "puppeteer": {
      "version": "22.x",
      "resolved": "https://registry.npmjs.org/puppeteer/-/puppeteer-22.x.tgz",
      "integrity": "sha512-<sha256-placeholder>"
    },
    "@lhci/cli": {
      "version": "0.13.x",
      "resolved": "https://registry.npmjs.org/@lhci/cli/-/cli-0.13.x.tgz",
      "integrity": "sha512-<sha256-placeholder>"
    },
    "http-server": {
      "version": "14.x",
      "resolved": "https://registry.npmjs.org/http-server/-/http-server-14.x.tgz",
      "integrity": "sha512-<sha256-placeholder>"
    }
  }
}